
Microsoft Visual Studio Solution File, Format Version 12.00
# Visual Studio Version 17
VisualStudioVersion = 17.3.32929.385
MinimumVisualStudioVersion = 10.0.40219.1
Project("{FAE04EC0-301F-11D3-BF4B-00C04F79EFBC}") = "HigherLogics.Web.Windmill", "HigherLogics.Web.Windmill\HigherLogics.Web.Windmill.csproj", "{6ACE9C56-06E2-4555-A3E0-59B30FD45341}"
EndProject
Project("{FAE04EC0-301F-11D3-BF4B-00C04F79EFBC}") = "HigherLogics.Web.Windmill.Test", "HigherLogics.Web.Windmill.Test\HigherLogics.Web.Windmill.Test.csproj", "{BEA2C057-AD0F-482B-ADB4-E773B6BAE760}"
EndProject
Project("{FAE04EC0-301F-11D3-BF4B-00C04F79EFBC}") = "HigherLogics.Web.Chartjs", "..\HigherLogics.Web.Chartjs\HigherLogics.Web.Chartjs\HigherLogics.Web.Chartjs.csproj", "{74BF53F1-B852-40DD-9886-C9B8DE4D006D}"
EndProject
Global
	GlobalSection(SolutionConfigurationPlatforms) = preSolution
		Debug|Any CPU = Debug|Any CPU
		Release|Any CPU = Release|Any CPU
	EndGlobalSection
	GlobalSection(ProjectConfigurationPlatforms) = postSolution
		{6ACE9C56-06E2-4555-A3E0-59B30FD45341}.Debug|Any CPU.ActiveCfg = Debug|Any CPU
		{6ACE9C56-06E2-4555-A3E0-59B30FD45341}.Debug|Any CPU.Build.0 = Debug|Any CPU
		{6ACE9C56-06E2-4555-A3E0-59B30FD45341}.Release|Any CPU.ActiveCfg = Release|Any CPU
		{6ACE9C56-06E2-4555-A3E0-59B30FD45341}.Release|Any CPU.Build.0 = Release|Any CPU
		{BEA2C057-AD0F-482B-ADB4-E773B6BAE760}.Debug|Any CPU.ActiveCfg = Debug|Any CPU
		{BEA2C057-AD0F-482B-ADB4-E773B6BAE760}.Debug|Any CPU.Build.0 = Debug|Any CPU
		{BEA2C057-AD0F-482B-ADB4-E773B6BAE760}.Release|Any CPU.ActiveCfg = Release|Any CPU
		{BEA2C057-AD0F-482B-ADB4-E773B6BAE760}.Release|Any CPU.Build.0 = Release|Any CPU
		{74BF53F1-B852-40DD-9886-C9B8DE4D006D}.Debug|Any CPU.ActiveCfg = Debug|Any CPU
		{74BF53F1-B852-40DD-9886-C9B8DE4D006D}.Debug|Any CPU.Build.0 = Debug|Any CPU
		{74BF53F1-B852-40DD-9886-C9B8DE4D006D}.Release|Any CPU.ActiveCfg = Release|Any CPU
		{74BF53F1-B852-40DD-9886-C9B8DE4D006D}.Release|Any CPU.Build.0 = Release|Any CPU
	EndGlobalSection
	GlobalSection(SolutionProperties) = preSolution
		HideSolutionNode = FALSE
	EndGlobalSection
	GlobalSection(ExtensibilityGlobals) = postSolution
		SolutionGuid = {81A06BF5-89C8-44B6-AF2E-50A4216786B0}
	EndGlobalSection
EndGlobal
